
Microsoft Visual Studio Solution File, Format Version 12.00
# Visual Studio 14
VisualStudioVersion = 14.0.25420.1
MinimumVisualStudioVersion = 10.0.40219.1
Project("{FAE04EC0-301F-11D3-BF4B-00C04F79EFBC}") = "SpinSpin", "SpinSpin\SpinSpin.csproj", "{F47776FC-513D-460D-801C-4A87C8ACA9F8}"
EndProject
Project("{FAE04EC0-301F-11D3-BF4B-00C04F79EFBC}") = "SpinSpin.Interface", "SpinSpin.Interface\SpinSpin.Interface.csproj", "{E30D61F1-C464-47F3-BF64-EE263650DFCE}"
EndProject
Project("{FAE04EC0-301F-11D3-BF4B-00C04F79EFBC}") = "Tests", "Tests\Tests.csproj", "{9E5DD3F0-1588-4133-B004-176C802935FC}"
EndProject
Global
	GlobalSection(SolutionConfigurationPlatforms) = preSolution
		Debug|Any CPU = Debug|Any CPU
		Release|Any CPU = Release|Any CPU
	EndGlobalSection
	GlobalSection(ProjectConfigurationPlatforms) = postSolution
		{F47776FC-513D-460D-801C-4A87C8ACA9F8}.Debug|Any CPU.ActiveCfg = Debug|Any CPU
		{F47776FC-513D-460D-801C-4A87C8ACA9F8}.Debug|Any CPU.Build.0 = Debug|Any CPU
		{F47776FC-513D-460D-801C-4A87C8ACA9F8}.Release|Any CPU.ActiveCfg = Release|Any CPU
		{F47776FC-513D-460D-801C-4A87C8ACA9F8}.Release|Any CPU.Build.0 = Release|Any CPU
		{E30D61F1-C464-47F3-BF64-EE263650DFCE}.Debug|Any CPU.ActiveCfg = Debug|Any CPU
		{E30D61F1-C464-47F3-BF64-EE263650DFCE}.Debug|Any CPU.Build.0 = Debug|Any CPU
		{E30D61F1-C464-47F3-BF64-EE263650DFCE}.Release|Any CPU.ActiveCfg = Release|Any CPU
		{E30D61F1-C464-47F3-BF64-EE263650DFCE}.Release|Any CPU.Build.0 = Release|Any CPU
		{9E5DD3F0-1588-4133-B004-176C802935FC}.Debug|Any CPU.ActiveCfg = Debug|Any CPU
		{9E5DD3F0-1588-4133-B004-176C802935FC}.Debug|Any CPU.Build.0 = Debug|Any CPU
		{9E5DD3F0-1588-4133-B004-176C802935FC}.Release|Any CPU.ActiveCfg = Release|Any CPU
		{9E5DD3F0-1588-4133-B004-176C802935FC}.Release|Any CPU.Build.0 = Release|Any CPU
	EndGlobalSection
	GlobalSection(SolutionProperties) = preSolution
		HideSolutionNode = FALSE
	EndGlobalSection
EndGlobal
